
Microsoft Visual Studio Solution File, Format Version 11.00
# Visual Studio 2010
Project("{FAE04EC0-301F-11D3-BF4B-00C04F79EFBC}") = "Devnos.Popover", "Devnos.Popover\Devnos.Popover.csproj", "{A315FB74-F698-404B-9F1D-D33DADE5ED09}"
EndProject
Project("{FAE04EC0-301F-11D3-BF4B-00C04F79EFBC}") = "Devnos.Popover.Sample", "Devnos.Popover.Sample\Devnos.Popover.Sample.csproj", "{15231125-A197-4991-8F0A-2DE25EF4EE7E}"
EndProject
Global
	GlobalSection(SolutionConfigurationPlatforms) = preSolution
		Debug|Any CPU = Debug|Any CPU
		Release|Any CPU = Release|Any CPU
		Debug|iPhoneSimulator = Debug|iPhoneSimulator
		Release|iPhoneSimulator = Release|iPhoneSimulator
		Debug|iPhone = Debug|iPhone
		Release|iPhone = Release|iPhone
	EndGlobalSection
	GlobalSection(ProjectConfigurationPlatforms) = postSolution
		{15231125-A197-4991-8F0A-2DE25EF4EE7E}.Debug|Any CPU.ActiveCfg = Debug|iPhoneSimulator
		{15231125-A197-4991-8F0A-2DE25EF4EE7E}.Debug|Any CPU.Build.0 = Debug|iPhoneSimulator
		{15231125-A197-4991-8F0A-2DE25EF4EE7E}.Debug|iPhone.ActiveCfg = Debug|iPhone
		{15231125-A197-4991-8F0A-2DE25EF4EE7E}.Debug|iPhone.Build.0 = Debug|iPhone
		{15231125-A197-4991-8F0A-2DE25EF4EE7E}.Debug|iPhoneSimulator.ActiveCfg = Debug|iPhoneSimulator
		{15231125-A197-4991-8F0A-2DE25EF4EE7E}.Debug|iPhoneSimulator.Build.0 = Debug|iPhoneSimulator
		{15231125-A197-4991-8F0A-2DE25EF4EE7E}.Release|Any CPU.ActiveCfg = Release|iPhoneSimulator
		{15231125-A197-4991-8F0A-2DE25EF4EE7E}.Release|Any CPU.Build.0 = Release|iPhoneSimulator
		{15231125-A197-4991-8F0A-2DE25EF4EE7E}.Release|iPhone.ActiveCfg = Release|iPhone
		{15231125-A197-4991-8F0A-2DE25EF4EE7E}.Release|iPhone.Build.0 = Release|iPhone
		{15231125-A197-4991-8F0A-2DE25EF4EE7E}.Release|iPhoneSimulator.ActiveCfg = Release|iPhoneSimulator
		{15231125-A197-4991-8F0A-2DE25EF4EE7E}.Release|iPhoneSimulator.Build.0 = Release|iPhoneSimulator
		{A315FB74-F698-404B-9F1D-D33DADE5ED09}.Debug|Any CPU.ActiveCfg = Debug|Any CPU
		{A315FB74-F698-404B-9F1D-D33DADE5ED09}.Debug|Any CPU.Build.0 = Debug|Any CPU
		{A315FB74-F698-404B-9F1D-D33DADE5ED09}.Release|Any CPU.ActiveCfg = Release|Any CPU
		{A315FB74-F698-404B-9F1D-D33DADE5ED09}.Release|Any CPU.Build.0 = Release|Any CPU
	EndGlobalSection
	GlobalSection(MonoDevelopProperties) = preSolution
		StartupItem = Devnos.Popover.Sample\Devnos.Popover.Sample.csproj
	EndGlobalSection
EndGlobal
